
Microsoft Visual Studio Solution File, Format Version 12.00
# Visual Studio Version 17
VisualStudioVersion = 17.4.33122.133
MinimumVisualStudioVersion = 10.0.40219.1
Project("{FAE04EC0-301F-11D3-BF4B-00C04F79EFBC}") = "WebApplication1", "WebApplication1\WebApplication1.csproj", "{7A45B265-839E-4673-8D66-5ACC058FBE2D}"
EndProject
Global
	GlobalSection(SolutionConfigurationPlatforms) = preSolution
		Debug|Any CPU = Debug|Any CPU
		Release|Any CPU = Release|Any CPU
	EndGlobalSection
	GlobalSection(ProjectConfigurationPlatforms) = postSolution
		{7A45B265-839E-4673-8D66-5ACC058FBE2D}.Debug|Any CPU.ActiveCfg = Debug|Any CPU
		{7A45B265-839E-4673-8D66-5ACC058FBE2D}.Debug|Any CPU.Build.0 = Debug|Any CPU
		{7A45B265-839E-4673-8D66-5ACC058FBE2D}.Release|Any CPU.ActiveCfg = Release|Any CPU
		{7A45B265-839E-4673-8D66-5ACC058FBE2D}.Release|Any CPU.Build.0 = Release|Any CPU
	EndGlobalSection
	GlobalSection(SolutionProperties) = preSolution
		HideSolutionNode = FALSE
	EndGlobalSection
	GlobalSection(ExtensibilityGlobals) = postSolution
		SolutionGuid = {0F16F7F3-B1AA-448D-AB30-CCF65B65A489}
	EndGlobalSection
EndGlobal
